
Microsoft Visual Studio Solution File, Format Version 12.00
# Visual Studio 15
Project("{FAE04EC0-301F-11D3-BF4B-00C04F79EFBC}") = "Assembly-CSharp-Editor", "Assembly-CSharp-Editor.csproj", "{EB9AAFDC-ACB7-2D2A-C3B8-5ACF39CF36E8}"
EndProject
Project("{FAE04EC0-301F-11D3-BF4B-00C04F79EFBC}") = "Assembly-CSharp", "Assembly-CSharp.csproj", "{8BC87AA6-57CA-A135-E15E-7A27A999806F}"
EndProject
Global
	GlobalSection(SolutionConfigurationPlatforms) = preSolution
		Debug|Any CPU = Debug|Any CPU
		Release|Any CPU = Release|Any CPU
	EndGlobalSection
	GlobalSection(ProjectConfigurationPlatforms) = postSolution
		{EB9AAFDC-ACB7-2D2A-C3B8-5ACF39CF36E8}.Debug|Any CPU.ActiveCfg = Debug|Any CPU
		{EB9AAFDC-ACB7-2D2A-C3B8-5ACF39CF36E8}.Debug|Any CPU.Build.0 = Debug|Any CPU
		{EB9AAFDC-ACB7-2D2A-C3B8-5ACF39CF36E8}.Release|Any CPU.ActiveCfg = Release|Any CPU
		{EB9AAFDC-ACB7-2D2A-C3B8-5ACF39CF36E8}.Release|Any CPU.Build.0 = Release|Any CPU
		{8BC87AA6-57CA-A135-E15E-7A27A999806F}.Debug|Any CPU.ActiveCfg = Debug|Any CPU
		{8BC87AA6-57CA-A135-E15E-7A27A999806F}.Debug|Any CPU.Build.0 = Debug|Any CPU
		{8BC87AA6-57CA-A135-E15E-7A27A999806F}.Release|Any CPU.ActiveCfg = Release|Any CPU
		{8BC87AA6-57CA-A135-E15E-7A27A999806F}.Release|Any CPU.Build.0 = Release|Any CPU
	EndGlobalSection
	GlobalSection(SolutionProperties) = preSolution
		HideSolutionNode = FALSE
	EndGlobalSection
EndGlobal
